
Microsoft Visual Studio Solution File, Format Version 12.00
# Visual Studio Version 17
VisualStudioVersion = 17.4.33110.190
MinimumVisualStudioVersion = 10.0.40219.1
Project("{FAE04EC0-301F-11D3-BF4B-00C04F79EFBC}") = "E3.4Owusu", "E3.4Owusu.csproj", "{0F429102-6978-4B0F-AB4D-DF12495496CE}"
EndProject
Global
	GlobalSection(SolutionConfigurationPlatforms) = preSolution
		Debug|Any CPU = Debug|Any CPU
		Release|Any CPU = Release|Any CPU
	EndGlobalSection
	GlobalSection(ProjectConfigurationPlatforms) = postSolution
		{0F429102-6978-4B0F-AB4D-DF12495496CE}.Debug|Any CPU.ActiveCfg = Debug|Any CPU
		{0F429102-6978-4B0F-AB4D-DF12495496CE}.Debug|Any CPU.Build.0 = Debug|Any CPU
		{0F429102-6978-4B0F-AB4D-DF12495496CE}.Release|Any CPU.ActiveCfg = Release|Any CPU
		{0F429102-6978-4B0F-AB4D-DF12495496CE}.Release|Any CPU.Build.0 = Release|Any CPU
	EndGlobalSection
	GlobalSection(SolutionProperties) = preSolution
		HideSolutionNode = FALSE
	EndGlobalSection
	GlobalSection(ExtensibilityGlobals) = postSolution
		SolutionGuid = {6E39EA3B-98E3-4F2E-9973-882E69C8BCAE}
	EndGlobalSection
EndGlobal
